
Microsoft Visual Studio Solution File, Format Version 12.00
# Visual Studio Version 17
VisualStudioVersion = 17.1.32414.318
MinimumVisualStudioVersion = 10.0.40219.1
Project("{9A19103F-16F7-4668-BE54-9A1E7A4F7556}") = "CSharpAssemblyExtractor", "CSharpAssemblyExtractor\CSharpAssemblyExtractor.csproj", "{A6445594-BFE8-4A89-9E17-15D0761F9100}"
EndProject
Global
	GlobalSection(SolutionConfigurationPlatforms) = preSolution
		Debug|Any CPU = Debug|Any CPU
		Release|Any CPU = Release|Any CPU
	EndGlobalSection
	GlobalSection(ProjectConfigurationPlatforms) = postSolution
		{A6445594-BFE8-4A89-9E17-15D0761F9100}.Debug|Any CPU.ActiveCfg = Debug|Any CPU
		{A6445594-BFE8-4A89-9E17-15D0761F9100}.Debug|Any CPU.Build.0 = Debug|Any CPU
		{A6445594-BFE8-4A89-9E17-15D0761F9100}.Release|Any CPU.ActiveCfg = Release|Any CPU
		{A6445594-BFE8-4A89-9E17-15D0761F9100}.Release|Any CPU.Build.0 = Release|Any CPU
	EndGlobalSection
	GlobalSection(SolutionProperties) = preSolution
		HideSolutionNode = FALSE
	EndGlobalSection
	GlobalSection(ExtensibilityGlobals) = postSolution
		SolutionGuid = {82F07C1C-F0CC-4150-AF8A-102E3C3A20B2}
	EndGlobalSection
EndGlobal
