
Microsoft Visual Studio Solution File, Format Version 12.00
# Visual Studio Version 17
VisualStudioVersion = 17.9.34728.123
MinimumVisualStudioVersion = 10.0.40219.1
Project("{9A19103F-16F7-4668-BE54-9A1E7A4F7556}") = "Descartes Explorer.netcore", "Descartes Explorer.netcore.csproj", "{6E41A526-446C-4EAA-81C1-0B47C478A295}"
EndProject
Project("{9A19103F-16F7-4668-BE54-9A1E7A4F7556}") = "BaseXInterface.netcore", "..\BaseXInterface\BaseXInterface.netcore.csproj", "{BD120F7D-96FC-4F11-8DE9-99C8AACEF399}"
EndProject
Global
	GlobalSection(SolutionConfigurationPlatforms) = preSolution
		Debug|Any CPU = Debug|Any CPU
		Release|Any CPU = Release|Any CPU
	EndGlobalSection
	GlobalSection(ProjectConfigurationPlatforms) = postSolution
		{6E41A526-446C-4EAA-81C1-0B47C478A295}.Debug|Any CPU.ActiveCfg = Debug|Any CPU
		{6E41A526-446C-4EAA-81C1-0B47C478A295}.Debug|Any CPU.Build.0 = Debug|Any CPU
		{6E41A526-446C-4EAA-81C1-0B47C478A295}.Release|Any CPU.ActiveCfg = Release|Any CPU
		{6E41A526-446C-4EAA-81C1-0B47C478A295}.Release|Any CPU.Build.0 = Release|Any CPU
		{BD120F7D-96FC-4F11-8DE9-99C8AACEF399}.Debug|Any CPU.ActiveCfg = Debug|Any CPU
		{BD120F7D-96FC-4F11-8DE9-99C8AACEF399}.Debug|Any CPU.Build.0 = Debug|Any CPU
		{BD120F7D-96FC-4F11-8DE9-99C8AACEF399}.Release|Any CPU.ActiveCfg = Release|Any CPU
		{BD120F7D-96FC-4F11-8DE9-99C8AACEF399}.Release|Any CPU.Build.0 = Release|Any CPU
	EndGlobalSection
	GlobalSection(SolutionProperties) = preSolution
		HideSolutionNode = FALSE
	EndGlobalSection
	GlobalSection(ExtensibilityGlobals) = postSolution
		SolutionGuid = {42D65DE5-A765-4B6C-B39A-8E2A6BD38637}
	EndGlobalSection
EndGlobal
