
Microsoft Visual Studio Solution File, Format Version 12.00
# Visual Studio Version 16
VisualStudioVersion = 16.0.30104.148
MinimumVisualStudioVersion = 10.0.40219.1
Project("{9A19103F-16F7-4668-BE54-9A1E7A4F7556}") = "WorkflowLibrary.netcore", "WorkflowLibrary\WorkflowLibrary.netcore.csproj", "{6BD72DD4-4468-425D-8F73-188A1ED1A71C}"
EndProject
Project("{9A19103F-16F7-4668-BE54-9A1E7A4F7556}") = "BaseXInterface.netcore", "..\BaseXInterface\BaseXInterface.netcore.csproj", "{77D1F990-716A-4E2B-A8B9-6F5CFCE62EDF}"
EndProject
Project("{9A19103F-16F7-4668-BE54-9A1E7A4F7556}") = "BulkQuery.netcore", "BulkQuery\BulkQuery.netcore.csproj", "{AA7B12FE-C1DD-4B23-AA77-9E9EA0A8266C}"
EndProject
Global
	GlobalSection(SolutionConfigurationPlatforms) = preSolution
		Debug|Any CPU = Debug|Any CPU
		Release|Any CPU = Release|Any CPU
	EndGlobalSection
	GlobalSection(ProjectConfigurationPlatforms) = postSolution
		{6BD72DD4-4468-425D-8F73-188A1ED1A71C}.Debug|Any CPU.ActiveCfg = Debug|Any CPU
		{6BD72DD4-4468-425D-8F73-188A1ED1A71C}.Debug|Any CPU.Build.0 = Debug|Any CPU
		{6BD72DD4-4468-425D-8F73-188A1ED1A71C}.Release|Any CPU.ActiveCfg = Release|Any CPU
		{6BD72DD4-4468-425D-8F73-188A1ED1A71C}.Release|Any CPU.Build.0 = Release|Any CPU
		{77D1F990-716A-4E2B-A8B9-6F5CFCE62EDF}.Debug|Any CPU.ActiveCfg = Debug|Any CPU
		{77D1F990-716A-4E2B-A8B9-6F5CFCE62EDF}.Debug|Any CPU.Build.0 = Debug|Any CPU
		{77D1F990-716A-4E2B-A8B9-6F5CFCE62EDF}.Release|Any CPU.ActiveCfg = Release|Any CPU
		{77D1F990-716A-4E2B-A8B9-6F5CFCE62EDF}.Release|Any CPU.Build.0 = Release|Any CPU
		{AA7B12FE-C1DD-4B23-AA77-9E9EA0A8266C}.Debug|Any CPU.ActiveCfg = Debug|Any CPU
		{AA7B12FE-C1DD-4B23-AA77-9E9EA0A8266C}.Debug|Any CPU.Build.0 = Debug|Any CPU
		{AA7B12FE-C1DD-4B23-AA77-9E9EA0A8266C}.Release|Any CPU.ActiveCfg = Release|Any CPU
		{AA7B12FE-C1DD-4B23-AA77-9E9EA0A8266C}.Release|Any CPU.Build.0 = Release|Any CPU
	EndGlobalSection
	GlobalSection(SolutionProperties) = preSolution
		HideSolutionNode = FALSE
	EndGlobalSection
	GlobalSection(ExtensibilityGlobals) = postSolution
		SolutionGuid = {B3925DD2-F113-4486-B1B3-578608AFE5B2}
	EndGlobalSection
EndGlobal
