
Microsoft Visual Studio Solution File, Format Version 12.00
# Visual Studio Version 17
VisualStudioVersion = 17.9.34728.123
MinimumVisualStudioVersion = 10.0.40219.1
Project("{9A19103F-16F7-4668-BE54-9A1E7A4F7556}") = "BaseXInterface.netcore", "BaseXInterface\BaseXInterface.netcore.csproj", "{465F2F30-0FAE-4437-9916-187FD939E300}"
EndProject
Project("{9A19103F-16F7-4668-BE54-9A1E7A4F7556}") = "Descartes Explorer.netcore", "Explorer\Descartes Explorer.netcore.csproj", "{6077C9B9-0C7B-4B5B-B935-A436E946AE52}"
EndProject
Global
	GlobalSection(SolutionConfigurationPlatforms) = preSolution
		Debug|Any CPU = Debug|Any CPU
		Release|Any CPU = Release|Any CPU
	EndGlobalSection
	GlobalSection(ProjectConfigurationPlatforms) = postSolution
		{465F2F30-0FAE-4437-9916-187FD939E300}.Debug|Any CPU.ActiveCfg = Debug|Any CPU
		{465F2F30-0FAE-4437-9916-187FD939E300}.Debug|Any CPU.Build.0 = Debug|Any CPU
		{465F2F30-0FAE-4437-9916-187FD939E300}.Release|Any CPU.ActiveCfg = Release|Any CPU
		{465F2F30-0FAE-4437-9916-187FD939E300}.Release|Any CPU.Build.0 = Release|Any CPU
		{6077C9B9-0C7B-4B5B-B935-A436E946AE52}.Debug|Any CPU.ActiveCfg = Debug|Any CPU
		{6077C9B9-0C7B-4B5B-B935-A436E946AE52}.Debug|Any CPU.Build.0 = Debug|Any CPU
		{6077C9B9-0C7B-4B5B-B935-A436E946AE52}.Release|Any CPU.ActiveCfg = Release|Any CPU
		{6077C9B9-0C7B-4B5B-B935-A436E946AE52}.Release|Any CPU.Build.0 = Release|Any CPU
	EndGlobalSection
	GlobalSection(SolutionProperties) = preSolution
		HideSolutionNode = FALSE
	EndGlobalSection
	GlobalSection(ExtensibilityGlobals) = postSolution
		SolutionGuid = {595E9A52-6B03-43F3-B971-0FFFEF755DA1}
	EndGlobalSection
EndGlobal
